
Microsoft Visual Studio Solution File, Format Version 12.00
# Visual Studio Version 17
VisualStudioVersion = 17.10.35122.118
MinimumVisualStudioVersion = 10.0.40219.1
Project("{FAE04EC0-301F-11D3-BF4B-00C04F79EFBC}") = "TesteEASY", "TesteEASY.csproj", "{6176C238-C6F5-4D3E-B026-64E9EBD52090}"
EndProject
Global
	GlobalSection(SolutionConfigurationPlatforms) = preSolution
		Debug|Any CPU = Debug|Any CPU
		Release|Any CPU = Release|Any CPU
	EndGlobalSection
	GlobalSection(ProjectConfigurationPlatforms) = postSolution
		{6176C238-C6F5-4D3E-B026-64E9EBD52090}.Debug|Any CPU.ActiveCfg = Debug|Any CPU
		{6176C238-C6F5-4D3E-B026-64E9EBD52090}.Debug|Any CPU.Build.0 = Debug|Any CPU
		{6176C238-C6F5-4D3E-B026-64E9EBD52090}.Release|Any CPU.ActiveCfg = Release|Any CPU
		{6176C238-C6F5-4D3E-B026-64E9EBD52090}.Release|Any CPU.Build.0 = Release|Any CPU
	EndGlobalSection
	GlobalSection(SolutionProperties) = preSolution
		HideSolutionNode = FALSE
	EndGlobalSection
	GlobalSection(ExtensibilityGlobals) = postSolution
		SolutionGuid = {10949C1E-87A2-43E0-9F78-6134CF488BC3}
	EndGlobalSection
EndGlobal
